
Microsoft Visual Studio Solution File, Format Version 12.00
# Visual Studio 2012
Project("{FAE04EC0-301F-11D3-BF4B-00C04F79EFBC}") = "PATA", "PATA\PATA.csproj", "{D69747FF-EADC-4316-8221-4B2BB733BECD}"
EndProject
Project("{FAE04EC0-301F-11D3-BF4B-00C04F79EFBC}") = "Modelo", "Modelo\Modelo.csproj", "{62AA1CD0-4554-47C2-A464-D058C4FC751D}"
EndProject
Project("{FAE04EC0-301F-11D3-BF4B-00C04F79EFBC}") = "ExcelHandler", "ExcelHandler\ExcelHandler.csproj", "{0084FF60-BB41-4B22-A1B1-C0220990CA49}"
EndProject
Global
	GlobalSection(SolutionConfigurationPlatforms) = preSolution
		Debug|Any CPU = Debug|Any CPU
		Release|Any CPU = Release|Any CPU
	EndGlobalSection
	GlobalSection(ProjectConfigurationPlatforms) = postSolution
		{D69747FF-EADC-4316-8221-4B2BB733BECD}.Debug|Any CPU.ActiveCfg = Debug|Any CPU
		{D69747FF-EADC-4316-8221-4B2BB733BECD}.Debug|Any CPU.Build.0 = Debug|Any CPU
		{D69747FF-EADC-4316-8221-4B2BB733BECD}.Release|Any CPU.ActiveCfg = Release|Any CPU
		{D69747FF-EADC-4316-8221-4B2BB733BECD}.Release|Any CPU.Build.0 = Release|Any CPU
		{62AA1CD0-4554-47C2-A464-D058C4FC751D}.Debug|Any CPU.ActiveCfg = Debug|Any CPU
		{62AA1CD0-4554-47C2-A464-D058C4FC751D}.Debug|Any CPU.Build.0 = Debug|Any CPU
		{62AA1CD0-4554-47C2-A464-D058C4FC751D}.Release|Any CPU.ActiveCfg = Release|Any CPU
		{62AA1CD0-4554-47C2-A464-D058C4FC751D}.Release|Any CPU.Build.0 = Release|Any CPU
		{0084FF60-BB41-4B22-A1B1-C0220990CA49}.Debug|Any CPU.ActiveCfg = Debug|Any CPU
		{0084FF60-BB41-4B22-A1B1-C0220990CA49}.Debug|Any CPU.Build.0 = Debug|Any CPU
		{0084FF60-BB41-4B22-A1B1-C0220990CA49}.Release|Any CPU.ActiveCfg = Release|Any CPU
		{0084FF60-BB41-4B22-A1B1-C0220990CA49}.Release|Any CPU.Build.0 = Release|Any CPU
	EndGlobalSection
	GlobalSection(SolutionProperties) = preSolution
		HideSolutionNode = FALSE
	EndGlobalSection
EndGlobal
